// !$*UTF8*$!
{
	archiveVersion = 1;
	classes = {
	};
	objectVersion = 50;
	objects = {

/* Begin PBXBuildFile section */
		8996277124B5BE16004BB202 /* AppDelegate.swift in Sources */ = {isa = PBXBuildFile; fileRef = 8996277024B5BE16004BB202 /* AppDelegate.swift */; };
		8996277324B5BE16004BB202 /* SceneDelegate.swift in Sources */ = {isa = PBXBuildFile; fileRef = 8996277224B5BE16004BB202 /* SceneDelegate.swift */; };
		8996277524B5BE16004BB202 /* ViewController.swift in Sources */ = {isa = PBXBuildFile; fileRef = 8996277424B5BE16004BB202 /* ViewController.swift */; };
		8996277824B5BE16004BB202 /* Main.storyboard in Resources */ = {isa = PBXBuildFile; fileRef = 8996277624B5BE16004BB202 /* Main.storyboard */; };
		8996277A24B5BE18004BB202 /* Assets.xcassets in Resources */ = {isa = PBXBuildFile; fileRef = 8996277924B5BE18004BB202 /* Assets.xcassets */; };
		8996277D24B5BE18004BB202 /* LaunchScreen.storyboard in Resources */ = {isa = PBXBuildFile; fileRef = 8996277B24B5BE18004BB202 /* LaunchScreen.storyboard */; };
		8996278524B5BEDD004BB202 /* 0708TableViewCell.swift in Sources */ = {isa = PBXBuildFile; fileRef = 8996278424B5BEDD004BB202 /* 0708TableViewCell.swift */; };
/* End PBXBuildFile section */

/* Begin PBXFileReference section */
		8996276D24B5BE16004BB202 /* table0708.app */ = {isa = PBXFileReference; explicitFileType = wrapper.application; includeInIndex = 0; path = table0708.app; sourceTree = BUILT_PRODUCTS_DIR; };
		8996277024B5BE16004BB202 /* AppDelegate.swift */ = {isa = PBXFileReference; lastKnownFileType = sourcecode.swift; path = AppDelegate.swift; sourceTree = "<group>"; };
		8996277224B5BE16004BB202 /* SceneDelegate.swift */ = {isa = PBXFileReference; lastKnownFileType = sourcecode.swift; path = SceneDelegate.swift; sourceTree = "<group>"; };
		8996277424B5BE16004BB202 /* ViewController.swift */ = {isa = PBXFileReference; lastKnownFileType = sourcecode.swift; path = ViewController.swift; sourceTree = "<group>"; };
		8996277724B5BE16004BB202 /* Base */ = {isa = PBXFileReference; lastKnownFileType = file.storyboard; name = Base; path = Base.lproj/Main.storyboard; sourceTree = "<group>"; };
		8996277924B5BE18004BB202 /* Assets.xcassets */ = {isa = PBXFileReference; lastKnownFileType = folder.assetcatalog; path = Assets.xcassets; sourceTree = "<group>"; };
		8996277C24B5BE18004BB202 /* Base */ = {isa = PBXFileReference; lastKnownFileType = file.storyboard; name = Base; path = Base.lproj/LaunchScreen.storyboard; sourceTree = "<group>"; };
		8996277E24B5BE18004BB202 /* Info.plist */ = {isa = PBXFileReference; lastKnownFileType = text.plist.xml; path = Info.plist; sourceTree = "<group>"; };
		8996278424B5BEDD004BB202 /* 0708TableViewCell.swift */ = {isa = PBXFileReference; lastKnownFileType = sourcecode.swift; path = 0708TableViewCell.swift; sourceTree = "<group>"; };
/* End PBXFileReference section */

/* Begin PBXFrameworksBuildPhase section */
		8996276A24B5BE16004BB202 /* Frameworks */ = {
			isa = PBXFrameworksBuildPhase;
			buildActionMask = 2147483647;
			files = (
			);
			runOnlyForDeploymentPostprocessing = 0;
		};
/* End PBXFrameworksBuildPhase section */

/* Begin PBXGroup section */
		8996276424B5BE16004BB202 = {
			isa = PBXGroup;
			children = (
				8996276F24B5BE16004BB202 /* table0708 */,
				8996276E24B5BE16004BB202 /* Products */,
			);
			sourceTree = "<group>";
		};
		8996276E24B5BE16004BB202 /* Products */ = {
			isa = PBXGroup;
			children = (
				8996276D24B5BE16004BB202 /* table0708.app */,
			);
			name = Products;
			sourceTree = "<group>";
		};
		8996276F24B5BE16004BB202 /* table0708 */ = {
			isa = PBXGroup;
			children = (
				8996277024B5BE16004BB202 /* AppDelegate.swift */,
				8996277224B5BE16004BB202 /* SceneDelegate.swift */,
				8996277424B5BE16004BB202 /* ViewController.swift */,
				8996277624B5BE16004BB202 /* Main.storyboard */,
				8996278424B5BEDD004BB202 /* 0708TableViewCell.swift */,
				8996277924B5BE18004BB202 /* Assets.xcassets */,
				8996277B24B5BE18004BB202 /* LaunchScreen.storyboard */,
				8996277E24B5BE18004BB202 /* Info.plist */,
			);
			path = table0708;
			sourceTree = "<group>";
		};
/* End PBXGroup section */

/* Begin PBXNativeTarget section */
		8996276C24B5BE16004BB202 /* table0708 */ = {
			isa = PBXNativeTarget;
			buildConfigurationList = 8996278124B5BE18004BB202 /* Build configuration list for PBXNativeTarget "table0708" */;
			buildPhases = (
				8996276924B5BE16004BB202 /* Sources */,
				8996276A24B5BE16004BB202 /* Frameworks */,
				8996276B24B5BE16004BB202 /* Resources */,
			);
			buildRules = (
			);
			dependencies = (
			);
			name = table0708;
			productName = table0708;
			productReference = 8996276D24B5BE16004BB202 /* table0708.app */;
			productType = "com.apple.product-type.application";
		};
/* End PBXNativeTarget section */

/* Begin PBXProject section */
		8996276524B5BE16004BB202 /* Project object */ = {
			isa = PBXProject;
			attributes = {
				LastSwiftUpdateCheck = 1150;
				LastUpgradeCheck = 1150;
				ORGANIZATIONNAME = "嚴啟睿";
				TargetAttributes = {
					8996276C24B5BE16004BB202 = {
						CreatedOnToolsVersion = 11.5;
					};
				};
			};
			buildConfigurationList = 8996276824B5BE16004BB202 /* Build configuration list for PBXProject "table0708" */;
			compatibilityVersion = "Xcode 9.3";
			developmentRegion = en;
			hasScannedForEncodings = 0;
			knownRegions = (
				en,
				Base,
			);
			mainGroup = 8996276424B5BE16004BB202;
			productRefGroup = 8996276E24B5BE16004BB202 /* Products */;
			projectDirPath = "";
			projectRoot = "";
			targets = (
				8996276C24B5BE16004BB202 /* table0708 */,
			);
		};
/* End PBXProject section */

/* Begin PBXResourcesBuildPhase section */
		8996276B24B5BE16004BB202 /* Resources */ = {
			isa = PBXResourcesBuildPhase;
			buildActionMask = 2147483647;
			files = (
				8996277D24B5BE18004BB202 /* LaunchScreen.storyboard in Resources */,
				8996277A24B5BE18004BB202 /* Assets.xcassets in Resources */,
				8996277824B5BE16004BB202 /* Main.storyboard in Resources */,
			);
			runOnlyForDeploymentPostprocessing = 0;
		};
/* End PBXResourcesBuildPhase section */

/* Begin PBXSourcesBuildPhase section */
		8996276924B5BE16004BB202 /* Sources */ = {
			isa = PBXSourcesBuildPhase;
			buildActionMask = 2147483647;
			files = (
				8996278524B5BEDD004BB202 /* 0708TableViewCell.swift in Sources */,
				8996277524B5BE16004BB202 /* ViewController.swift in Sources */,
				8996277124B5BE16004BB202 /* AppDelegate.swift in Sources */,
				8996277324B5BE16004BB202 /* SceneDelegate.swift in Sources */,
			);
			runOnlyForDeploymentPostprocessing = 0;
		};
/* End PBXSourcesBuildPhase section */

/* Begin PBXVariantGroup section */
		8996277624B5BE16004BB202 /* Main.storyboard */ = {
			isa = PBXVariantGroup;
			children = (
				8996277724B5BE16004BB202 /* Base */,
			);
			name = Main.storyboard;
			sourceTree = "<group>";
		};
		8996277B24B5BE18004BB202 /* LaunchScreen.storyboard */ = {
			isa = PBXVariantGroup;
			children = (
				8996277C24B5BE18004BB202 /* Base */,
			);
			name = LaunchScreen.storyboard;
			sourceTree = "<group>";
		};
/* End PBXVariantGroup section */

/* Begin XCBuildConfiguration section */
		8996277F24B5BE18004BB202 /* Debug */ = {
			isa = XCBuildConfiguration;
			buildSettings = {
				ALWAYS_SEARCH_USER_PATHS = NO;
				CLANG_ANALYZER_NONNULL = YES;
				CLANG_ANALYZER_NUMBER_OBJECT_CONVERSION = YES_AGGRESSIVE;
				CLANG_CXX_LANGUAGE_STANDARD = "gnu++14";
				CLANG_CXX_LIBRARY = "libc++";
				CLANG_ENABLE_MODULES = YES;
				CLANG_ENABLE_OBJC_ARC = YES;
				CLANG_ENABLE_OBJC_WEAK = YES;
				CLANG_WARN_BLOCK_CAPTURE_AUTORELEASING = YES;
				CLANG_WARN_BOOL_CONVERSION = YES;
				CLANG_WARN_COMMA = YES;
				CLANG_WARN_CONSTANT_CONVERSION = YES;
				CLANG_WARN_DEPRECATED_OBJC_IMPLEMENTATIONS = YES;
				CLANG_WARN_DIRECT_OBJC_ISA_USAGE = YES_ERROR;
				CLANG_WARN_DOCUMENTATION_COMMENTS = YES;
				CLANG_WARN_EMPTY_BODY = YES;
				CLANG_WARN_ENUM_CONVERSION = YES;
				CLANG_WARN_INFINITE_RECURSION = YES;
				CLANG_WARN_INT_CONVERSION = YES;
				CLANG_WARN_NON_LITERAL_NULL_CONVERSION = YES;
				CLANG_WARN_OBJC_IMPLICIT_RETAIN_SELF = YES;
				CLANG_WARN_OBJC_LITERAL_CONVERSION = YES;
				CLANG_WARN_OBJC_ROOT_CLASS = YES_ERROR;
				CLANG_WARN_RANGE_LOOP_ANALYSIS = YES;
				CLANG_WARN_STRICT_PROTOTYPES = YES;
				CLANG_WARN_SUSPICIOUS_MOVE = YES;
				CLANG_WARN_UNGUARDED_AVAILABILITY = YES_AGGRESSIVE;
				CLANG_WARN_UNREACHABLE_CODE = YES;
				CLANG_WARN__DUPLICATE_METHOD_MATCH = YES;
				COPY_PHASE_STRIP = NO;
				DEBUG_INFORMATION_FORMAT = dwarf;
				ENABLE_STRICT_OBJC_MSGSEND = YES;
				ENABLE_TESTABILITY = YES;
				GCC_C_LANGUAGE_STANDARD = gnu11;
				GCC_DYNAMIC_NO_PIC = NO;
				GCC_NO_COMMON_BLOCKS = YES;
				GCC_OPTIMIZATION_LEVEL = 0;
				GCC_PREPROCESSOR_DEFINITIONS = (
					"DEBUG=1",
					"$(inherited)",
				);
				GCC_WARN_64_TO_32_BIT_CONVERSION = YES;
				GCC_WARN_ABOUT_RETURN_TYPE = YES_ERROR;
				GCC_WARN_UNDECLARED_SELECTOR = YES;
				GCC_WARN_UNINITIALIZED_AUTOS = YES_AGGRESSIVE;
				GCC_WARN_UNUSED_FUNCTION = YES;
				GCC_WARN_UNUSED_VARIABLE = YES;
				IPHONEOS_DEPLOYMENT_TARGET = 13.5;
				MTL_ENABLE_DEBUG_INFO = INCLUDE_SOURCE;
				MTL_FAST_MATH = YES;
				ONLY_ACTIVE_ARCH = YES;
				SDKROOT = iphoneos;
				SWIFT_ACTIVE_COMPILATION_CONDITIONS = DEBUG;
				SWIFT_OPTIMIZATION_LEVEL = "-Onone";
			};
			name = Debug;
		};
		8996278024B5BE18004BB202 /* Release */ = {
			isa = XCBuildConfiguration;
			buildSettings = {
				ALWAYS_SEARCH_USER_PATHS = NO;
				CLANG_ANALYZER_NONNULL = YES;
				CLANG_ANALYZER_NUMBER_OBJECT_CONVERSION = YES_AGGRESSIVE;
				CLANG_CXX_LANGUAGE_STANDARD = "gnu++14";
				CLANG_CXX_LIBRARY = "libc++";
				CLANG_ENABLE_MODULES = YES;
				CLANG_ENABLE_OBJC_ARC = YES;
				CLANG_ENABLE_OBJC_WEAK = YES;
				CLANG_WARN_BLOCK_CAPTURE_AUTORELEASING = YES;
				CLANG_WARN_BOOL_CONVERSION = YES;
				CLANG_WARN_COMMA = YES;
				CLANG_WARN_CONSTANT_CONVERSION = YES;
				CLANG_WARN_DEPRECATED_OBJC_IMPLEMENTATIONS = YES;
				CLANG_WARN_DIRECT_OBJC_ISA_USAGE = YES_ERROR;
				CLANG_WARN_DOCUMENTATION_COMMENTS = YES;
				CLANG_WARN_EMPTY_BODY = YES;
				CLANG_WARN_ENUM_CONVERSION = YES;
				CLANG_WARN_INFINITE_RECURSION = YES;
				CLANG_WARN_INT_CONVERSION = YES;
				CLANG_WARN_NON_LITERAL_NULL_CONVERSION = YES;
				CLANG_WARN_OBJC_IMPLICIT_RETAIN_SELF = YES;
				CLANG_WARN_OBJC_LITERAL_CONVERSION = YES;
				CLANG_WARN_OBJC_ROOT_CLASS = YES_ERROR;
				CLANG_WARN_RANGE_LOOP_ANALYSIS = YES;
				CLANG_WARN_STRICT_PROTOTYPES = YES;
				CLANG_WARN_SUSPICIOUS_MOVE = YES;
				CLANG_WARN_UNGUARDED_AVAILABILITY = YES_AGGRESSIVE;
				CLANG_WARN_UNREACHABLE_CODE = YES;
				CLANG_WARN__DUPLICATE_METHOD_MATCH = YES;
				COPY_PHASE_STRIP = NO;
				DEBUG_INFORMATION_FORMAT = "dwarf-with-dsym";
				ENABLE_NS_ASSERTIONS = NO;
				ENABLE_STRICT_OBJC_MSGSEND = YES;
				GCC_C_LANGUAGE_STANDARD = gnu11;
				GCC_NO_COMMON_BLOCKS = YES;
				GCC_WARN_64_TO_32_BIT_CONVERSION = YES;
				GCC_WARN_ABOUT_RETURN_TYPE = YES_ERROR;
				GCC_WARN_UNDECLARED_SELECTOR = YES;
				GCC_WARN_UNINITIALIZED_AUTOS = YES_AGGRESSIVE;
				GCC_WARN_UNUSED_FUNCTION = YES;
				GCC_WARN_UNUSED_VARIABLE = YES;
				IPHONEOS_DEPLOYMENT_TARGET = 13.5;
				MTL_ENABLE_DEBUG_INFO = NO;
				MTL_FAST_MATH = YES;
				SDKROOT = iphoneos;
				SWIFT_COMPILATION_MODE = wholemodule;
				SWIFT_OPTIMIZATION_LEVEL = "-O";
				VALIDATE_PRODUCT = YES;
			};
			name = Release;
		};
		8996278224B5BE18004BB202 /* Debug */ = {
			isa = XCBuildConfiguration;
			buildSettings = {
				ASSETCATALOG_COMPILER_APPICON_NAME = AppIcon;
				CODE_SIGN_STYLE = Automatic;
				DEVELOPMENT_TEAM = F74ZP5FC2A;
				INFOPLIST_FILE = table0708/Info.plist;
				LD_RUNPATH_SEARCH_PATHS = (
					"$(inherited)",
					"@executable_path/Frameworks",
				);
				PRODUCT_BUNDLE_IDENTIFIER = ntu.table0708;
				PRODUCT_NAME = "$(TARGET_NAME)";
				SWIFT_VERSION = 5.0;
				TARGETED_DEVICE_FAMILY = "1,2";
			};
			name = Debug;
		};
		8996278324B5BE18004BB202 /* Release */ = {
			isa = XCBuildConfiguration;
			buildSettings = {
				ASSETCATALOG_COMPILER_APPICON_NAME = AppIcon;
				CODE_SIGN_STYLE = Automatic;
				DEVELOPMENT_TEAM = F74ZP5FC2A;
				INFOPLIST_FILE = table0708/Info.plist;
				LD_RUNPATH_SEARCH_PATHS = (
					"$(inherited)",
					"@executable_path/Frameworks",
				);
				PRODUCT_BUNDLE_IDENTIFIER = ntu.table0708;
				PRODUCT_NAME = "$(TARGET_NAME)";
				SWIFT_VERSION = 5.0;
				TARGETED_DEVICE_FAMILY = "1,2";
			};
			name = Release;
		};
/* End XCBuildConfiguration section */

/* Begin XCConfigurationList section */
		8996276824B5BE16004BB202 /* Build configuration list for PBXProject "table0708" */ = {
			isa = XCConfigurationList;
			buildConfigurations = (
				8996277F24B5BE18004BB202 /* Debug */,
				8996278024B5BE18004BB202 /* Release */,
			);
			defaultConfigurationIsVisible = 0;
			defaultConfigurationName = Release;
		};
		8996278124B5BE18004BB202 /* Build configuration list for PBXNativeTarget "table0708" */ = {
			isa = XCConfigurationList;
			buildConfigurations = (
				8996278224B5BE18004BB202 /* Debug */,
				8996278324B5BE18004BB202 /* Release */,
			);
			defaultConfigurationIsVisible = 0;
			defaultConfigurationName = Release;
		};
/* End XCConfigurationList section */
	};
	rootObject = 8996276524B5BE16004BB202 /* Project object */;
}
